
Microsoft Visual Studio Solution File, Format Version 12.00
# Visual Studio Version 16
VisualStudioVersion = 16.0.32106.194
MinimumVisualStudioVersion = 10.0.40219.1
Project("{FAE04EC0-301F-11D3-BF4B-00C04F79EFBC}") = "WebApiPrueba", "WebApiPrueba\WebApiPrueba.csproj", "{21EFAEE8-1938-42A0-A7D5-C652E82ABFEE}"
EndProject
Global
	GlobalSection(SolutionConfigurationPlatforms) = preSolution
		Debug|Any CPU = Debug|Any CPU
		Release|Any CPU = Release|Any CPU
	EndGlobalSection
	GlobalSection(ProjectConfigurationPlatforms) = postSolution
		{21EFAEE8-1938-42A0-A7D5-C652E82ABFEE}.Debug|Any CPU.ActiveCfg = Debug|Any CPU
		{21EFAEE8-1938-42A0-A7D5-C652E82ABFEE}.Debug|Any CPU.Build.0 = Debug|Any CPU
		{21EFAEE8-1938-42A0-A7D5-C652E82ABFEE}.Release|Any CPU.ActiveCfg = Release|Any CPU
		{21EFAEE8-1938-42A0-A7D5-C652E82ABFEE}.Release|Any CPU.Build.0 = Release|Any CPU
	EndGlobalSection
	GlobalSection(SolutionProperties) = preSolution
		HideSolutionNode = FALSE
	EndGlobalSection
	GlobalSection(ExtensibilityGlobals) = postSolution
		SolutionGuid = {D8F6705F-23AA-4E2F-89CF-3BCD97E372C5}
	EndGlobalSection
EndGlobal
